
Microsoft Visual Studio Solution File, Format Version 12.00
# Visual Studio Version 17
VisualStudioVersion = 17.5.002.0
MinimumVisualStudioVersion = 10.0.40219.1
Project("{9A19103F-16F7-4668-BE54-9A1E7A4F7556}") = "api", "api\api.csproj", "{50908BD5-5A0D-464F-93D4-FDDDFE05B3F9}"
EndProject
Global
	GlobalSection(SolutionConfigurationPlatforms) = preSolution
		Debug|Any CPU = Debug|Any CPU
		Release|Any CPU = Release|Any CPU
	EndGlobalSection
	GlobalSection(ProjectConfigurationPlatforms) = postSolution
		{50908BD5-5A0D-464F-93D4-FDDDFE05B3F9}.Debug|Any CPU.ActiveCfg = Debug|Any CPU
		{50908BD5-5A0D-464F-93D4-FDDDFE05B3F9}.Debug|Any CPU.Build.0 = Debug|Any CPU
		{50908BD5-5A0D-464F-93D4-FDDDFE05B3F9}.Release|Any CPU.ActiveCfg = Release|Any CPU
		{50908BD5-5A0D-464F-93D4-FDDDFE05B3F9}.Release|Any CPU.Build.0 = Release|Any CPU
	EndGlobalSection
	GlobalSection(SolutionProperties) = preSolution
		HideSolutionNode = FALSE
	EndGlobalSection
	GlobalSection(ExtensibilityGlobals) = postSolution
		SolutionGuid = {67CD43D5-76D4-457B-8D32-003D65AB69AE}
	EndGlobalSection
EndGlobal
